[[package]]
name = "aiostream"
version = "0.4.1"
description = "Generator-based operators for asynchronous iteration"
category = "main"
optional = false
python-versions = "*"

[package.dependencies]
async_exit_stack = {version = "*", markers = "python_version < \"3.7\""}

[[package]]
name = "async-exit-stack"
version = "1.0.1"
description = "AsyncExitStack backport for Python 3.5+"
category = "main"
optional = false
python-versions = ">=3.5"

[[package]]
name = "beautifulsoup4"
version = "4.9.3"
description = "Screen-scraping library"
category = "main"
optional = false
python-versions = "*"

[package.dependencies]
soupsieve = {version = ">1.2", markers = "python_version >= \"3.0\""}

[package.extras]
html5lib = ["html5lib"]
lxml = ["lxml"]

[[package]]
name = "certifi"
version = "2020.6.20"
description = "Python package for providing Mozilla's CA Bundle."
category = "main"
optional = false
python-versions = "*"

[[package]]
name = "contextvars"
version = "2.4"
description = "PEP 567 Backport"
category = "main"
optional = false
python-versions = "*"

[package.dependencies]
immutables = ">=0.9"

[[package]]
name = "h11"
version = "0.9.0"
description = "A pure-Python, bring-your-own-I/O implementation of HTTP/1.1"
category = "main"
optional = false
python-versions = "*"

[[package]]
name = "httpcore"
version = "0.11.1"
description = "A minimal low-level HTTP client."
category = "main"
optional = false
python-versions = ">=3.6"

[package.dependencies]
h11 = ">=0.8,<0.10"
sniffio = ">=1.0.0,<2.0.0"

[package.extras]
http2 = ["h2 (>=3.0.0,<4.0.0)"]

[[package]]
name = "httpx"
version = "0.15.5"
description = "The next generation HTTP client."
category = "main"
optional = false
python-versions = ">=3.6"

[package.dependencies]
certifi = "*"
httpcore = ">=0.11.0,<0.12.0"
rfc3986 = {version = ">=1.3,<2", extras = ["idna2008"]}
sniffio = "*"

[package.extras]
brotli = ["brotlipy (>=0.7.0,<0.8.0)"]
http2 = ["h2 (>=3.0.0,<4.0.0)"]

[[package]]
name = "idna"
version = "2.10"
description = "Internationalized Domain Names in Applications (IDNA)"
category = "main"
optional = false
python-versions = ">=2.7, !=3.0.*, !=3.1.*, !=3.2.*, !=3.3.*"

[[package]]
name = "immutables"
version = "0.14"
description = "Immutable Collections"
category = "main"
optional = false
python-versions = ">=3.5"

[[package]]
name = "lifter"
version = "0.4.1"
description = "A lightweight query engine for Python iterables, inspired by Django ORM"
category = "main"
optional = false
python-versions = "*"

[package.dependencies]
persisting_theory = "*"
six = "*"

[[package]]
name = "persisting-theory"
version = "0.2.1"
description = "Registries that can autodiscover values accross your project apps"
category = "main"
optional = false
python-versions = "*"

[[package]]
name = "pyotp"
version = "2.4.0"
description = "Python One Time Password Library"
category = "main"
optional = false
python-versions = "*"

[[package]]
name = "rfc3986"
version = "1.4.0"
description = "Validating URI References per RFC 3986"
category = "main"
optional = false
python-versions = "*"

[package.dependencies]
idna = {version = "*", optional = true, markers = "extra == \"idna2008\""}

[package.extras]
idna2008 = ["idna"]

[[package]]
name = "six"
version = "1.15.0"
description = "Python 2 and 3 compatibility utilities"
category = "main"
optional = false
python-versions = ">=2.7, !=3.0.*, !=3.1.*, !=3.2.*"

[[package]]
name = "sniffio"
version = "1.2.0"
description = "Sniff out which async library your code is running under"
category = "main"
optional = false
python-versions = ">=3.5"

[package.dependencies]
contextvars = {version = ">=2.1", markers = "python_version < \"3.7\""}

[[package]]
name = "soupsieve"
version = "2.0.1"
description = "A modern CSS selector implementation for Beautiful Soup."
category = "main"
optional = false
python-versions = ">=3.5"

[[package]]
name = "websockets"
version = "8.1"
description = "An implementation of the WebSocket Protocol (RFC 6455 & 7692)"
category = "main"
optional = false
python-versions = ">=3.6.1"

[metadata]
lock-version = "1.1"
python-versions = '>=3.6.1'
content-hash = "0e72e60754e4a33e223b10a00e17fffd7ef59ed1042c4b43ec76c7c730b1dae2"

[metadata.files]
aiostream = [
    {file = "aiostream-0.4.1.tar.gz", hash = "sha256:9055e772f197dc0c1bd3a757edd20b086bc74b257ceb7d690cb3d72b8b70d69a"},
]
async-exit-stack = [
    {file = "async_exit_stack-1.0.1-py3-none-any.whl", hash = "sha256:9b43b17683b3438f428ef3bbec20689f5abbb052aa4b564c643397330adfaa99"},
    {file = "async_exit_stack-1.0.1.tar.gz", hash = "sha256:24de1ad6d0ff27be97c89d6709fa49bf20db179eaf1f4d2e6e9b4409b80e747d"},
]
beautifulsoup4 = [
    {file = "beautifulsoup4-4.9.3-py2-none-any.whl", hash = "sha256:4c98143716ef1cb40bf7f39a8e3eec8f8b009509e74904ba3a7b315431577e35"},
    {file = "beautifulsoup4-4.9.3-py3-none-any.whl", hash = "sha256:fff47e031e34ec82bf17e00da8f592fe7de69aeea38be00523c04623c04fb666"},
    {file = "beautifulsoup4-4.9.3.tar.gz", hash = "sha256:84729e322ad1d5b4d25f805bfa05b902dd96450f43842c4e99067d5e1369eb25"},
]
certifi = [
    {file = "certifi-2020.6.20-py2.py3-none-any.whl", hash = "sha256:8fc0819f1f30ba15bdb34cceffb9ef04d99f420f68eb75d901e9560b8749fc41"},
    {file = "certifi-2020.6.20.tar.gz", hash = "sha256:5930595817496dd21bb8dc35dad090f1c2cd0adfaf21204bf6732ca5d8ee34d3"},
]
contextvars = [
    {file = "contextvars-2.4.tar.gz", hash = "sha256:f38c908aaa59c14335eeea12abea5f443646216c4e29380d7bf34d2018e2c39e"},
]
h11 = [
    {file = "h11-0.9.0-py2.py3-none-any.whl", hash = "sha256:4bc6d6a1238b7615b266ada57e0618568066f57dd6fa967d1290ec9309b2f2f1"},
    {file = "h11-0.9.0.tar.gz", hash = "sha256:33d4bca7be0fa039f4e84d50ab00531047e53d6ee8ffbc83501ea602c169cae1"},
]
httpcore = [
    {file = "httpcore-0.11.1-py3-none-any.whl", hash = "sha256:72cfaa461dbdc262943ff4c9abf5b195391a03cdcc152e636adb4239b15e77e1"},
    {file = "httpcore-0.11.1.tar.gz", hash = "sha256:a35dddd1f4cc34ff37788337ef507c0ad0276241ece6daf663ac9e77c0b87232"},
]
httpx = [
    {file = "httpx-0.15.5-py3-none-any.whl", hash = "sha256:02326f2d3c61133db31e4b88dd3432479b434e52a68d813eab6db930f13611ea"},
    {file = "httpx-0.15.5.tar.gz", hash = "sha256:254b371e3880a8e2387bf9ead6949bac797bd557fda26eba19a6153a0c06bd2b"},
]
idna = [
    {file = "idna-2.10-py2.py3-none-any.whl", hash = "sha256:b97d804b1e9b523befed77c48dacec60e6dcb0b5391d57af6a65a312a90648c0"},
    {file = "idna-2.10.tar.gz", hash = "sha256:b307872f855b18632ce0c21c5e45be78c0ea7ae4c15c828c20788b26921eb3f6"},
]
immutables = [
    {file = "immutables-0.14-cp35-cp35m-macosx_10_14_x86_64.whl", hash = "sha256:860666fab142401a5535bf65cbd607b46bc5ed25b9d1eb053ca8ed9a1a1a80d6"},
    {file = "immutables-0.14-cp35-cp35m-manylinux1_x86_64.whl", hash = "sha256:ce01788878827c3f0331c254a4ad8d9721489a5e65cc43e19c80040b46e0d297"},
    {file = "immutables-0.14-cp36-cp36m-macosx_10_14_x86_64.whl", hash = "sha256:8797eed4042f4626b0bc04d9cf134208918eb0c937a8193a2c66df5041e62d2e"},
    {file = "immutables-0.14-cp36-cp36m-manylinux1_x86_64.whl", hash = "sha256:33ce2f977da7b5e0dddd93744862404bdb316ffe5853ec853e53141508fa2e6a"},
    {file = "immutables-0.14-cp36-cp36m-win_amd64.whl", hash = "sha256:6c8eace4d98988c72bcb37c05e79aae756832738305ae9497670482a82db08bc"},
    {file = "immutables-0.14-cp37-cp37m-macosx_10_14_x86_64.whl", hash = "sha256:ab6c18b7b2b2abc83e0edc57b0a38bf0915b271582a1eb8c7bed1c20398f8040"},
    {file = "immutables-0.14-cp37-cp37m-manylinux1_x86_64.whl", hash = "sha256:c099212fd6504513a50e7369fe281007c820cf9d7bb22a336486c63d77d6f0b2"},
    {file = "immutables-0.14-cp37-cp37m-win_amd64.whl", hash = "sha256:714aedbdeba4439d91cb5e5735cb10631fc47a7a69ea9cc8ecbac90322d50a4a"},
    {file = "immutables-0.14-cp38-cp38-macosx_10_14_x86_64.whl", hash = "sha256:1c11050c49e193a1ec9dda1747285333f6ba6a30bbeb2929000b9b1192097ec0"},
    {file = "immutables-0.14-cp38-cp38-manylinux1_x86_64.whl", hash = "sha256:c453e12b95e1d6bb4909e8743f88b7f5c0c97b86a8bc0d73507091cb644e3c1e"},
    {file = "immutables-0.14-cp38-cp38-win_amd64.whl", hash = "sha256:ef9da20ec0f1c5853b5c8f8e3d9e1e15b8d98c259de4b7515d789a606af8745e"},
    {file = "immutables-0.14.tar.gz", hash = "sha256:a0a1cc238b678455145bae291d8426f732f5255537ed6a5b7645949704c70a78"},
]
lifter = [
    {file = "lifter-0.4.1.tar.gz", hash = "sha256:09c12c8c80e9c1f08ab234c8f12edd0a1449da32684c3f63c499482f42f97cf1"},
]
persisting-theory = [
    {file = "persisting-theory-0.2.1.tar.gz", hash = "sha256:00ff7dcc8f481ff75c770ca5797d968e8725b6df1f77fe0cf7d20fa1e5790c0a"},
]
pyotp = [
    {file = "pyotp-2.4.0-py2.py3-none-any.whl", hash = "sha256:e96c2d725d0b613b793775bb184e90297fda5f4989e210e28acf08a09ac2cc83"},
    {file = "pyotp-2.4.0.tar.gz", hash = "sha256:01eceab573181188fe038d001e42777884a7f5367203080ef5bda0e30fe82d28"},
]
rfc3986 = [
    {file = "rfc3986-1.4.0-py2.py3-none-any.whl", hash = "sha256:af9147e9aceda37c91a05f4deb128d4b4b49d6b199775fd2d2927768abdc8f50"},
    {file = "rfc3986-1.4.0.tar.gz", hash = "sha256:112398da31a3344dc25dbf477d8df6cb34f9278a94fee2625d89e4514be8bb9d"},
]
six = [
    {file = "six-1.15.0-py2.py3-none-any.whl", hash = "sha256:8b74bedcbbbaca38ff6d7491d76f2b06b3592611af620f8426e82dddb04a5ced"},
    {file = "six-1.15.0.tar.gz", hash = "sha256:30639c035cdb23534cd4aa2dd52c3bf48f06e5f4a941509c8bafd8ce11080259"},
]
sniffio = [
    {file = "sniffio-1.2.0-py3-none-any.whl", hash = "sha256:471b71698eac1c2112a40ce2752bb2f4a4814c22a54a3eed3676bc0f5ca9f663"},
    {file = "sniffio-1.2.0.tar.gz", hash = "sha256:c4666eecec1d3f50960c6bdf61ab7bc350648da6c126e3cf6898d8cd4ddcd3de"},
]
soupsieve = [
    {file = "soupsieve-2.0.1-py3-none-any.whl", hash = "sha256:1634eea42ab371d3d346309b93df7870a88610f0725d47528be902a0d95ecc55"},
    {file = "soupsieve-2.0.1.tar.gz", hash = "sha256:a59dc181727e95d25f781f0eb4fd1825ff45590ec8ff49eadfd7f1a537cc0232"},
]
websockets = [
    {file = "websockets-8.1-cp36-cp36m-macosx_10_6_intel.whl", hash = "sha256:3762791ab8b38948f0c4d281c8b2ddfa99b7e510e46bd8dfa942a5fff621068c"},
    {file = "websockets-8.1-cp36-cp36m-manylinux1_i686.whl", hash = "sha256:3db87421956f1b0779a7564915875ba774295cc86e81bc671631379371af1170"},
    {file = "websockets-8.1-cp36-cp36m-manylinux1_x86_64.whl", hash = "sha256:4f9f7d28ce1d8f1295717c2c25b732c2bc0645db3215cf757551c392177d7cb8"},
    {file = "websockets-8.1-cp36-cp36m-manylinux2010_i686.whl", hash = "sha256:295359a2cc78736737dd88c343cd0747546b2174b5e1adc223824bcaf3e164cb"},
    {file = "websockets-8.1-cp36-cp36m-manylinux2010_x86_64.whl", hash = "sha256:1d3f1bf059d04a4e0eb4985a887d49195e15ebabc42364f4eb564b1d065793f5"},
    {file = "websockets-8.1-cp36-cp36m-win32.whl", hash = "sha256:2db62a9142e88535038a6bcfea70ef9447696ea77891aebb730a333a51ed559a"},
    {file = "websockets-8.1-cp36-cp36m-win_amd64.whl", hash = "sha256:0e4fb4de42701340bd2353bb2eee45314651caa6ccee80dbd5f5d5978888fed5"},
    {file = "websockets-8.1-cp37-cp37m-macosx_10_6_intel.whl", hash = "sha256:9b248ba3dd8a03b1a10b19efe7d4f7fa41d158fdaa95e2cf65af5a7b95a4f989"},
    {file = "websockets-8.1-cp37-cp37m-manylinux1_i686.whl", hash = "sha256:ce85b06a10fc65e6143518b96d3dca27b081a740bae261c2fb20375801a9d56d"},
    {file = "websockets-8.1-cp37-cp37m-manylinux1_x86_64.whl", hash = "sha256:965889d9f0e2a75edd81a07592d0ced54daa5b0785f57dc429c378edbcffe779"},
    {file = "websockets-8.1-cp37-cp37m-manylinux2010_i686.whl", hash = "sha256:751a556205d8245ff94aeef23546a1113b1dd4f6e4d102ded66c39b99c2ce6c8"},
    {file = "websockets-8.1-cp37-cp37m-manylinux2010_x86_64.whl", hash = "sha256:3ef56fcc7b1ff90de46ccd5a687bbd13a3180132268c4254fc0fa44ecf4fc422"},
    {file = "websockets-8.1-cp37-cp37m-win32.whl", hash = "sha256:7ff46d441db78241f4c6c27b3868c9ae71473fe03341340d2dfdbe8d79310acc"},
    {file = "websockets-8.1-cp37-cp37m-win_amd64.whl", hash = "sha256:20891f0dddade307ffddf593c733a3fdb6b83e6f9eef85908113e628fa5a8308"},
    {file = "websockets-8.1-cp38-cp38-macosx_10_9_x86_64.whl", hash = "sha256:c1ec8db4fac31850286b7cd3b9c0e1b944204668b8eb721674916d4e28744092"},
    {file = "websockets-8.1-cp38-cp38-manylinux1_i686.whl", hash = "sha256:5c01fd846263a75bc8a2b9542606927cfad57e7282965d96b93c387622487485"},
    {file = "websockets-8.1-cp38-cp38-manylinux1_x86_64.whl", hash = "sha256:9bef37ee224e104a413f0780e29adb3e514a5b698aabe0d969a6ba426b8435d1"},
    {file = "websockets-8.1-cp38-cp38-manylinux2010_i686.whl", hash = "sha256:d705f8aeecdf3262379644e4b55107a3b55860eb812b673b28d0fbc347a60c55"},
    {file = "websockets-8.1-cp38-cp38-manylinux2010_x86_64.whl", hash = "sha256:c8a116feafdb1f84607cb3b14aa1418424ae71fee131642fc568d21423b51824"},
    {file = "websockets-8.1-cp38-cp38-win32.whl", hash = "sha256:e898a0863421650f0bebac8ba40840fc02258ef4714cb7e1fd76b6a6354bda36"},
    {file = "websockets-8.1-cp38-cp38-win_amd64.whl", hash = "sha256:f8a7bff6e8664afc4e6c28b983845c5bc14965030e3fb98789734d416af77c4b"},
    {file = "websockets-8.1.tar.gz", hash = "sha256:5c65d2da8c6bce0fca2528f69f44b2f977e06954c8512a952222cea50dad430f"},
]
